
Microsoft Visual Studio Solution File, Format Version 12.00
# Visual Studio Version 17
VisualStudioVersion = 17.3.32811.315
MinimumVisualStudioVersion = 10.0.40219.1
Project("{9A19103F-16F7-4668-BE54-9A1E7A4F7556}") = "BlazingPizza", "BlazingPizza.csproj", "{149DC9E3-EED0-4CC0-8B68-901A33FB80BA}"
EndProject
Global
	GlobalSection(SolutionConfigurationPlatforms) = preSolution
		Debug|Any CPU = Debug|Any CPU
		Release|Any CPU = Release|Any CPU
	EndGlobalSection
	GlobalSection(ProjectConfigurationPlatforms) = postSolution
		{149DC9E3-EED0-4CC0-8B68-901A33FB80BA}.Debug|Any CPU.ActiveCfg = Debug|Any CPU
		{149DC9E3-EED0-4CC0-8B68-901A33FB80BA}.Debug|Any CPU.Build.0 = Debug|Any CPU
		{149DC9E3-EED0-4CC0-8B68-901A33FB80BA}.Release|Any CPU.ActiveCfg = Release|Any CPU
		{149DC9E3-EED0-4CC0-8B68-901A33FB80BA}.Release|Any CPU.Build.0 = Release|Any CPU
	EndGlobalSection
	GlobalSection(SolutionProperties) = preSolution
		HideSolutionNode = FALSE
	EndGlobalSection
	GlobalSection(ExtensibilityGlobals) = postSolution
		SolutionGuid = {E1517F27-57C0-4466-8CA6-A4FE7A2A302D}
	EndGlobalSection
EndGlobal
